// !$*UTF8*$!
{
	archiveVersion = 1;
	classes = {
	};
	objectVersion = 50;
	objects = {

/* Begin PBXBuildFile section */
		09D010FD23BF3CA600AA9BB9 /* MinutesLeft WatchKit App.app in Embed Watch Content */ = {isa = PBXBuildFile; fileRef = 09D010FC23BF3CA600AA9BB9 /* MinutesLeft WatchKit App.app */; settings = {ATTRIBUTES = (RemoveHeadersOnCopy, ); }; };
		09D0110323BF3CA600AA9BB9 /* Interface.storyboard in Resources */ = {isa = PBXBuildFile; fileRef = 09D0110123BF3CA600AA9BB9 /* Interface.storyboard */; };
		09D0110523BF3CA800AA9BB9 /* Assets.xcassets in Resources */ = {isa = PBXBuildFile; fileRef = 09D0110423BF3CA800AA9BB9 /* Assets.xcassets */; };
		09D0110C23BF3CA800AA9BB9 /* MinutesLeft WatchKit Extension.appex in Embed App Extensions */ = {isa = PBXBuildFile; fileRef = 09D0110B23BF3CA800AA9BB9 /* MinutesLeft WatchKit Extension.appex */; settings = {ATTRIBUTES = (RemoveHeadersOnCopy, ); }; };
		09D0111123BF3CA800AA9BB9 /* TimeConfigurationView.swift in Sources */ = {isa = PBXBuildFile; fileRef = 09D0111023BF3CA800AA9BB9 /* TimeConfigurationView.swift */; };
		09D0111323BF3CA800AA9BB9 /* MinutesLeftController.swift in Sources */ = {isa = PBXBuildFile; fileRef = 09D0111223BF3CA800AA9BB9 /* MinutesLeftController.swift */; };
		09D0111523BF3CA800AA9BB9 /* ExtensionDelegate.swift in Sources */ = {isa = PBXBuildFile; fileRef = 09D0111423BF3CA800AA9BB9 /* ExtensionDelegate.swift */; };
		09D0111723BF3CAB00AA9BB9 /* Assets.xcassets in Resources */ = {isa = PBXBuildFile; fileRef = 09D0111623BF3CAB00AA9BB9 /* Assets.xcassets */; };
		09D0111A23BF3CAB00AA9BB9 /* Preview Assets.xcassets in Resources */ = {isa = PBXBuildFile; fileRef = 09D0111923BF3CAB00AA9BB9 /* Preview Assets.xcassets */; };
		09D0112E23BF3F3800AA9BB9 /* ImportantTimesData.xcdatamodeld in Sources */ = {isa = PBXBuildFile; fileRef = 09D0112C23BF3F3800AA9BB9 /* ImportantTimesData.xcdatamodeld */; };
		09D0113023BF3FCA00AA9BB9 /* Time.swift in Sources */ = {isa = PBXBuildFile; fileRef = 09D0112F23BF3FCA00AA9BB9 /* Time.swift */; };
		09D0113223BF561F00AA9BB9 /* ConfigurationController.swift in Sources */ = {isa = PBXBuildFile; fileRef = 09D0113123BF561F00AA9BB9 /* ConfigurationController.swift */; };
		09E8C95423C1DA390096AACD /* EditTimeView.swift in Sources */ = {isa = PBXBuildFile; fileRef = 09E8C95323C1DA390096AACD /* EditTimeView.swift */; };
/* End PBXBuildFile section */

/* Begin PBXContainerItemProxy section */
		09D010FE23BF3CA600AA9BB9 /* PBXContainerItemProxy */ = {
			isa = PBXContainerItemProxy;
			containerPortal = 09D010F223BF3CA600AA9BB9 /* Project object */;
			proxyType = 1;
			remoteGlobalIDString = 09D010FB23BF3CA600AA9BB9;
			remoteInfo = "MinutesLeft WatchKit App";
		};
		09D0110D23BF3CA800AA9BB9 /* PBXContainerItemProxy */ = {
			isa = PBXContainerItemProxy;
			containerPortal = 09D010F223BF3CA600AA9BB9 /* Project object */;
			proxyType = 1;
			remoteGlobalIDString = 09D0110A23BF3CA800AA9BB9;
			remoteInfo = "MinutesLeft WatchKit Extension";
		};
/* End PBXContainerItemProxy section */

/* Begin PBXCopyFilesBuildPhase section */
		09D0112123BF3CAB00AA9BB9 /* Embed App Extensions */ = {
			isa = PBXCopyFilesBuildPhase;
			buildActionMask = 2147483647;
			dstPath = "";
			dstSubfolderSpec = 13;
			files = (
				09D0110C23BF3CA800AA9BB9 /* MinutesLeft WatchKit Extension.appex in Embed App Extensions */,
			);
			name = "Embed App Extensions";
			runOnlyForDeploymentPostprocessing = 0;
		};
		09D0112523BF3CAB00AA9BB9 /* Embed Watch Content */ = {
			isa = PBXCopyFilesBuildPhase;
			buildActionMask = 2147483647;
			dstPath = "$(CONTENTS_FOLDER_PATH)/Watch";
			dstSubfolderSpec = 16;
			files = (
				09D010FD23BF3CA600AA9BB9 /* MinutesLeft WatchKit App.app in Embed Watch Content */,
			);
			name = "Embed Watch Content";
			runOnlyForDeploymentPostprocessing = 0;
		};
/* End PBXCopyFilesBuildPhase section */

/* Begin PBXFileReference section */
		09D010F823BF3CA600AA9BB9 /* MinutesLeft.app */ = {isa = PBXFileReference; explicitFileType = wrapper.application; includeInIndex = 0; path = MinutesLeft.app; sourceTree = BUILT_PRODUCTS_DIR; };
		09D010FC23BF3CA600AA9BB9 /* MinutesLeft WatchKit App.app */ = {isa = PBXFileReference; explicitFileType = wrapper.application; includeInIndex = 0; path = "MinutesLeft WatchKit App.app"; sourceTree = BUILT_PRODUCTS_DIR; };
		09D0110223BF3CA600AA9BB9 /* Base */ = {isa = PBXFileReference; lastKnownFileType = file.storyboard; name = Base; path = Base.lproj/Interface.storyboard; sourceTree = "<group>"; };
		09D0110423BF3CA800AA9BB9 /* Assets.xcassets */ = {isa = PBXFileReference; lastKnownFileType = folder.assetcatalog; path = Assets.xcassets; sourceTree = "<group>"; };
		09D0110623BF3CA800AA9BB9 /* Info.plist */ = {isa = PBXFileReference; lastKnownFileType = text.plist.xml; path = Info.plist; sourceTree = "<group>"; };
		09D0110B23BF3CA800AA9BB9 /* MinutesLeft WatchKit Extension.appex */ = {isa = PBXFileReference; explicitFileType = "wrapper.app-extension"; includeInIndex = 0; path = "MinutesLeft WatchKit Extension.appex"; sourceTree = BUILT_PRODUCTS_DIR; };
		09D0111023BF3CA800AA9BB9 /* TimeConfigurationView.swift */ = {isa = PBXFileReference; lastKnownFileType = sourcecode.swift; path = TimeConfigurationView.swift; sourceTree = "<group>"; };
		09D0111223BF3CA800AA9BB9 /* MinutesLeftController.swift */ = {isa = PBXFileReference; lastKnownFileType = sourcecode.swift; path = MinutesLeftController.swift; sourceTree = "<group>"; };
		09D0111423BF3CA800AA9BB9 /* ExtensionDelegate.swift */ = {isa = PBXFileReference; lastKnownFileType = sourcecode.swift; path = ExtensionDelegate.swift; sourceTree = "<group>"; };
		09D0111623BF3CAB00AA9BB9 /* Assets.xcassets */ = {isa = PBXFileReference; lastKnownFileType = folder.assetcatalog; path = Assets.xcassets; sourceTree = "<group>"; };
		09D0111923BF3CAB00AA9BB9 /* Preview Assets.xcassets */ = {isa = PBXFileReference; lastKnownFileType = folder.assetcatalog; path = "Preview Assets.xcassets"; sourceTree = "<group>"; };
		09D0111B23BF3CAB00AA9BB9 /* Info.plist */ = {isa = PBXFileReference; lastKnownFileType = text.plist.xml; path = Info.plist; sourceTree = "<group>"; };
		09D0112D23BF3F3800AA9BB9 /* ImportantTimesData.xcdatamodel */ = {isa = PBXFileReference; lastKnownFileType = wrapper.xcdatamodel; path = ImportantTimesData.xcdatamodel; sourceTree = "<group>"; };
		09D0112F23BF3FCA00AA9BB9 /* Time.swift */ = {isa = PBXFileReference; lastKnownFileType = sourcecode.swift; path = Time.swift; sourceTree = "<group>"; };
		09D0113123BF561F00AA9BB9 /* ConfigurationController.swift */ = {isa = PBXFileReference; lastKnownFileType = sourcecode.swift; path = ConfigurationController.swift; sourceTree = "<group>"; };
		09E8C95323C1DA390096AACD /* EditTimeView.swift */ = {isa = PBXFileReference; lastKnownFileType = sourcecode.swift; path = EditTimeView.swift; sourceTree = "<group>"; };
/* End PBXFileReference section */

/* Begin PBXFrameworksBuildPhase section */
		09D0110823BF3CA800AA9BB9 /* Frameworks */ = {
			isa = PBXFrameworksBuildPhase;
			buildActionMask = 2147483647;
			files = (
			);
			runOnlyForDeploymentPostprocessing = 0;
		};
/* End PBXFrameworksBuildPhase section */

/* Begin PBXGroup section */
		09D010F123BF3CA600AA9BB9 = {
			isa = PBXGroup;
			children = (
				09D0110023BF3CA600AA9BB9 /* MinutesLeft WatchKit App */,
				09D0110F23BF3CA800AA9BB9 /* MinutesLeft WatchKit Extension */,
				09D010F923BF3CA600AA9BB9 /* Products */,
			);
			sourceTree = "<group>";
		};
		09D010F923BF3CA600AA9BB9 /* Products */ = {
			isa = PBXGroup;
			children = (
				09D010F823BF3CA600AA9BB9 /* MinutesLeft.app */,
				09D010FC23BF3CA600AA9BB9 /* MinutesLeft WatchKit App.app */,
				09D0110B23BF3CA800AA9BB9 /* MinutesLeft WatchKit Extension.appex */,
			);
			name = Products;
			sourceTree = "<group>";
		};
		09D0110023BF3CA600AA9BB9 /* MinutesLeft WatchKit App */ = {
			isa = PBXGroup;
			children = (
				09D0110123BF3CA600AA9BB9 /* Interface.storyboard */,
				09D0110423BF3CA800AA9BB9 /* Assets.xcassets */,
				09D0110623BF3CA800AA9BB9 /* Info.plist */,
			);
			path = "MinutesLeft WatchKit App";
			sourceTree = "<group>";
		};
		09D0110F23BF3CA800AA9BB9 /* MinutesLeft WatchKit Extension */ = {
			isa = PBXGroup;
			children = (
				09D0111223BF3CA800AA9BB9 /* MinutesLeftController.swift */,
				09D0113123BF561F00AA9BB9 /* ConfigurationController.swift */,
				09D0111023BF3CA800AA9BB9 /* TimeConfigurationView.swift */,
				09E8C95323C1DA390096AACD /* EditTimeView.swift */,
				09D0112F23BF3FCA00AA9BB9 /* Time.swift */,
				09D0111423BF3CA800AA9BB9 /* ExtensionDelegate.swift */,
				09D0112C23BF3F3800AA9BB9 /* ImportantTimesData.xcdatamodeld */,
				09D0111623BF3CAB00AA9BB9 /* Assets.xcassets */,
				09D0111B23BF3CAB00AA9BB9 /* Info.plist */,
				09D0111823BF3CAB00AA9BB9 /* Preview Content */,
			);
			path = "MinutesLeft WatchKit Extension";
			sourceTree = "<group>";
		};
		09D0111823BF3CAB00AA9BB9 /* Preview Content */ = {
			isa = PBXGroup;
			children = (
				09D0111923BF3CAB00AA9BB9 /* Preview Assets.xcassets */,
			);
			path = "Preview Content";
			sourceTree = "<group>";
		};
/* End PBXGroup section */

/* Begin PBXNativeTarget section */
		09D010F723BF3CA600AA9BB9 /* MinutesLeft */ = {
			isa = PBXNativeTarget;
			buildConfigurationList = 09D0112623BF3CAB00AA9BB9 /* Build configuration list for PBXNativeTarget "MinutesLeft" */;
			buildPhases = (
				09D010F623BF3CA600AA9BB9 /* Resources */,
				09D0112523BF3CAB00AA9BB9 /* Embed Watch Content */,
			);
			buildRules = (
			);
			dependencies = (
				09D010FF23BF3CA600AA9BB9 /* PBXTargetDependency */,
			);
			name = MinutesLeft;
			productName = MinutesLeft;
			productReference = 09D010F823BF3CA600AA9BB9 /* MinutesLeft.app */;
			productType = "com.apple.product-type.application.watchapp2-container";
		};
		09D010FB23BF3CA600AA9BB9 /* MinutesLeft WatchKit App */ = {
			isa = PBXNativeTarget;
			buildConfigurationList = 09D0112223BF3CAB00AA9BB9 /* Build configuration list for PBXNativeTarget "MinutesLeft WatchKit App" */;
			buildPhases = (
				09D010FA23BF3CA600AA9BB9 /* Resources */,
				09D0112123BF3CAB00AA9BB9 /* Embed App Extensions */,
			);
			buildRules = (
			);
			dependencies = (
				09D0110E23BF3CA800AA9BB9 /* PBXTargetDependency */,
			);
			name = "MinutesLeft WatchKit App";
			productName = "MinutesLeft WatchKit App";
			productReference = 09D010FC23BF3CA600AA9BB9 /* MinutesLeft WatchKit App.app */;
			productType = "com.apple.product-type.application.watchapp2";
		};
		09D0110A23BF3CA800AA9BB9 /* MinutesLeft WatchKit Extension */ = {
			isa = PBXNativeTarget;
			buildConfigurationList = 09D0111E23BF3CAB00AA9BB9 /* Build configuration list for PBXNativeTarget "MinutesLeft WatchKit Extension" */;
			buildPhases = (
				09D0110723BF3CA800AA9BB9 /* Sources */,
				09D0110823BF3CA800AA9BB9 /* Frameworks */,
				09D0110923BF3CA800AA9BB9 /* Resources */,
			);
			buildRules = (
			);
			dependencies = (
			);
			name = "MinutesLeft WatchKit Extension";
			productName = "MinutesLeft WatchKit Extension";
			productReference = 09D0110B23BF3CA800AA9BB9 /* MinutesLeft WatchKit Extension.appex */;
			productType = "com.apple.product-type.watchkit2-extension";
		};
/* End PBXNativeTarget section */

/* Begin PBXProject section */
		09D010F223BF3CA600AA9BB9 /* Project object */ = {
			isa = PBXProject;
			attributes = {
				LastSwiftUpdateCheck = 1120;
				LastUpgradeCheck = 1120;
				ORGANIZATIONNAME = Daniel;
				TargetAttributes = {
					09D010F723BF3CA600AA9BB9 = {
						CreatedOnToolsVersion = 11.2.1;
					};
					09D010FB23BF3CA600AA9BB9 = {
						CreatedOnToolsVersion = 11.2.1;
					};
					09D0110A23BF3CA800AA9BB9 = {
						CreatedOnToolsVersion = 11.2.1;
					};
				};
			};
			buildConfigurationList = 09D010F523BF3CA600AA9BB9 /* Build configuration list for PBXProject "MinutesLeft" */;
			compatibilityVersion = "Xcode 9.3";
			developmentRegion = en;
			hasScannedForEncodings = 0;
			knownRegions = (
				en,
				Base,
			);
			mainGroup = 09D010F123BF3CA600AA9BB9;
			productRefGroup = 09D010F923BF3CA600AA9BB9 /* Products */;
			projectDirPath = "";
			projectRoot = "";
			targets = (
				09D010F723BF3CA600AA9BB9 /* MinutesLeft */,
				09D010FB23BF3CA600AA9BB9 /* MinutesLeft WatchKit App */,
				09D0110A23BF3CA800AA9BB9 /* MinutesLeft WatchKit Extension */,
			);
		};
/* End PBXProject section */

/* Begin PBXResourcesBuildPhase section */
		09D010F623BF3CA600AA9BB9 /* Resources */ = {
			isa = PBXResourcesBuildPhase;
			buildActionMask = 2147483647;
			files = (
			);
			runOnlyForDeploymentPostprocessing = 0;
		};
		09D010FA23BF3CA600AA9BB9 /* Resources */ = {
			isa = PBXResourcesBuildPhase;
			buildActionMask = 2147483647;
			files = (
				09D0110523BF3CA800AA9BB9 /* Assets.xcassets in Resources */,
				09D0110323BF3CA600AA9BB9 /* Interface.storyboard in Resources */,
			);
			runOnlyForDeploymentPostprocessing = 0;
		};
		09D0110923BF3CA800AA9BB9 /* Resources */ = {
			isa = PBXResourcesBuildPhase;
			buildActionMask = 2147483647;
			files = (
				09D0111A23BF3CAB00AA9BB9 /* Preview Assets.xcassets in Resources */,
				09D0111723BF3CAB00AA9BB9 /* Assets.xcassets in Resources */,
			);
			runOnlyForDeploymentPostprocessing = 0;
		};
/* End PBXResourcesBuildPhase section */

/* Begin PBXSourcesBuildPhase section */
		09D0110723BF3CA800AA9BB9 /* Sources */ = {
			isa = PBXSourcesBuildPhase;
			buildActionMask = 2147483647;
			files = (
				09D0113223BF561F00AA9BB9 /* ConfigurationController.swift in Sources */,
				09D0111323BF3CA800AA9BB9 /* MinutesLeftController.swift in Sources */,
				09D0112E23BF3F3800AA9BB9 /* ImportantTimesData.xcdatamodeld in Sources */,
				09D0113023BF3FCA00AA9BB9 /* Time.swift in Sources */,
				09D0111123BF3CA800AA9BB9 /* TimeConfigurationView.swift in Sources */,
				09E8C95423C1DA390096AACD /* EditTimeView.swift in Sources */,
				09D0111523BF3CA800AA9BB9 /* ExtensionDelegate.swift in Sources */,
			);
			runOnlyForDeploymentPostprocessing = 0;
		};
/* End PBXSourcesBuildPhase section */

/* Begin PBXTargetDependency section */
		09D010FF23BF3CA600AA9BB9 /* PBXTargetDependency */ = {
			isa = PBXTargetDependency;
			target = 09D010FB23BF3CA600AA9BB9 /* MinutesLeft WatchKit App */;
			targetProxy = 09D010FE23BF3CA600AA9BB9 /* PBXContainerItemProxy */;
		};
		09D0110E23BF3CA800AA9BB9 /* PBXTargetDependency */ = {
			isa = PBXTargetDependency;
			target = 09D0110A23BF3CA800AA9BB9 /* MinutesLeft WatchKit Extension */;
			targetProxy = 09D0110D23BF3CA800AA9BB9 /* PBXContainerItemProxy */;
		};
/* End PBXTargetDependency section */

/* Begin PBXVariantGroup section */
		09D0110123BF3CA600AA9BB9 /* Interface.storyboard */ = {
			isa = PBXVariantGroup;
			children = (
				09D0110223BF3CA600AA9BB9 /* Base */,
			);
			name = Interface.storyboard;
			sourceTree = "<group>";
		};
/* End PBXVariantGroup section */

/* Begin XCBuildConfiguration section */
		09D0111C23BF3CAB00AA9BB9 /* Debug */ = {
			isa = XCBuildConfiguration;
			buildSettings = {
				ALWAYS_SEARCH_USER_PATHS = NO;
				CLANG_ANALYZER_NONNULL = YES;
				CLANG_ANALYZER_NUMBER_OBJECT_CONVERSION = YES_AGGRESSIVE;
				CLANG_CXX_LANGUAGE_STANDARD = "gnu++14";
				CLANG_CXX_LIBRARY = "libc++";
				CLANG_ENABLE_MODULES = YES;
				CLANG_ENABLE_OBJC_ARC = YES;
				CLANG_ENABLE_OBJC_WEAK = YES;
				CLANG_WARN_BLOCK_CAPTURE_AUTORELEASING = YES;
				CLANG_WARN_BOOL_CONVERSION = YES;
				CLANG_WARN_COMMA = YES;
				CLANG_WARN_CONSTANT_CONVERSION = YES;
				CLANG_WARN_DEPRECATED_OBJC_IMPLEMENTATIONS = YES;
				CLANG_WARN_DIRECT_OBJC_ISA_USAGE = YES_ERROR;
				CLANG_WARN_DOCUMENTATION_COMMENTS = YES;
				CLANG_WARN_EMPTY_BODY = YES;
				CLANG_WARN_ENUM_CONVERSION = YES;
				CLANG_WARN_INFINITE_RECURSION = YES;
				CLANG_WARN_INT_CONVERSION = YES;
				CLANG_WARN_NON_LITERAL_NULL_CONVERSION = YES;
				CLANG_WARN_OBJC_IMPLICIT_RETAIN_SELF = YES;
				CLANG_WARN_OBJC_LITERAL_CONVERSION = YES;
				CLANG_WARN_OBJC_ROOT_CLASS = YES_ERROR;
				CLANG_WARN_RANGE_LOOP_ANALYSIS = YES;
				CLANG_WARN_STRICT_PROTOTYPES = YES;
				CLANG_WARN_SUSPICIOUS_MOVE = YES;
				CLANG_WARN_UNGUARDED_AVAILABILITY = YES_AGGRESSIVE;
				CLANG_WARN_UNREACHABLE_CODE = YES;
				CLANG_WARN__DUPLICATE_METHOD_MATCH = YES;
				COPY_PHASE_STRIP = NO;
				DEBUG_INFORMATION_FORMAT = dwarf;
				ENABLE_STRICT_OBJC_MSGSEND = YES;
				ENABLE_TESTABILITY = YES;
				GCC_C_LANGUAGE_STANDARD = gnu11;
				GCC_DYNAMIC_NO_PIC = NO;
				GCC_NO_COMMON_BLOCKS = YES;
				GCC_OPTIMIZATION_LEVEL = 0;
				GCC_PREPROCESSOR_DEFINITIONS = (
					"DEBUG=1",
					"$(inherited)",
				);
				GCC_WARN_64_TO_32_BIT_CONVERSION = YES;
				GCC_WARN_ABOUT_RETURN_TYPE = YES_ERROR;
				GCC_WARN_UNDECLARED_SELECTOR = YES;
				GCC_WARN_UNINITIALIZED_AUTOS = YES_AGGRESSIVE;
				GCC_WARN_UNUSED_FUNCTION = YES;
				GCC_WARN_UNUSED_VARIABLE = YES;
				MTL_ENABLE_DEBUG_INFO = INCLUDE_SOURCE;
				MTL_FAST_MATH = YES;
				ONLY_ACTIVE_ARCH = YES;
				SDKROOT = iphoneos;
				SWIFT_ACTIVE_COMPILATION_CONDITIONS = DEBUG;
				SWIFT_OPTIMIZATION_LEVEL = "-Onone";
			};
			name = Debug;
		};
		09D0111D23BF3CAB00AA9BB9 /* Release */ = {
			isa = XCBuildConfiguration;
			buildSettings = {
				ALWAYS_SEARCH_USER_PATHS = NO;
				CLANG_ANALYZER_NONNULL = YES;
				CLANG_ANALYZER_NUMBER_OBJECT_CONVERSION = YES_AGGRESSIVE;
				CLANG_CXX_LANGUAGE_STANDARD = "gnu++14";
				CLANG_CXX_LIBRARY = "libc++";
				CLANG_ENABLE_MODULES = YES;
				CLANG_ENABLE_OBJC_ARC = YES;
				CLANG_ENABLE_OBJC_WEAK = YES;
				CLANG_WARN_BLOCK_CAPTURE_AUTORELEASING = YES;
				CLANG_WARN_BOOL_CONVERSION = YES;
				CLANG_WARN_COMMA = YES;
				CLANG_WARN_CONSTANT_CONVERSION = YES;
				CLANG_WARN_DEPRECATED_OBJC_IMPLEMENTATIONS = YES;
				CLANG_WARN_DIRECT_OBJC_ISA_USAGE = YES_ERROR;
				CLANG_WARN_DOCUMENTATION_COMMENTS = YES;
				CLANG_WARN_EMPTY_BODY = YES;
				CLANG_WARN_ENUM_CONVERSION = YES;
				CLANG_WARN_INFINITE_RECURSION = YES;
				CLANG_WARN_INT_CONVERSION = YES;
				CLANG_WARN_NON_LITERAL_NULL_CONVERSION = YES;
				CLANG_WARN_OBJC_IMPLICIT_RETAIN_SELF = YES;
				CLANG_WARN_OBJC_LITERAL_CONVERSION = YES;
				CLANG_WARN_OBJC_ROOT_CLASS = YES_ERROR;
				CLANG_WARN_RANGE_LOOP_ANALYSIS = YES;
				CLANG_WARN_STRICT_PROTOTYPES = YES;
				CLANG_WARN_SUSPICIOUS_MOVE = YES;
				CLANG_WARN_UNGUARDED_AVAILABILITY = YES_AGGRESSIVE;
				CLANG_WARN_UNREACHABLE_CODE = YES;
				CLANG_WARN__DUPLICATE_METHOD_MATCH = YES;
				COPY_PHASE_STRIP = NO;
				DEBUG_INFORMATION_FORMAT = "dwarf-with-dsym";
				ENABLE_NS_ASSERTIONS = NO;
				ENABLE_STRICT_OBJC_MSGSEND = YES;
				GCC_C_LANGUAGE_STANDARD = gnu11;
				GCC_NO_COMMON_BLOCKS = YES;
				GCC_WARN_64_TO_32_BIT_CONVERSION = YES;
				GCC_WARN_ABOUT_RETURN_TYPE = YES_ERROR;
				GCC_WARN_UNDECLARED_SELECTOR = YES;
				GCC_WARN_UNINITIALIZED_AUTOS = YES_AGGRESSIVE;
				GCC_WARN_UNUSED_FUNCTION = YES;
				GCC_WARN_UNUSED_VARIABLE = YES;
				MTL_ENABLE_DEBUG_INFO = NO;
				MTL_FAST_MATH = YES;
				SDKROOT = iphoneos;
				SWIFT_COMPILATION_MODE = wholemodule;
				SWIFT_OPTIMIZATION_LEVEL = "-O";
				VALIDATE_PRODUCT = YES;
			};
			name = Release;
		};
		09D0111F23BF3CAB00AA9BB9 /* Debug */ = {
			isa = XCBuildConfiguration;
			buildSettings = {
				ASSETCATALOG_COMPILER_COMPLICATION_NAME = Complication;
				CODE_SIGN_STYLE = Automatic;
				DEVELOPMENT_ASSET_PATHS = "\"MinutesLeft WatchKit Extension/Preview Content\"";
				DEVELOPMENT_TEAM = 9KD2BDVC27;
				ENABLE_PREVIEWS = YES;
				INFOPLIST_FILE = "MinutesLeft WatchKit Extension/Info.plist";
				LD_RUNPATH_SEARCH_PATHS = (
					"$(inherited)",
					"@executable_path/Frameworks",
					"@executable_path/../../Frameworks",
				);
				PRODUCT_BUNDLE_IDENTIFIER = com.daniel.MinutesLeft.watchkitapp.watchkitextension;
				PRODUCT_NAME = "${TARGET_NAME}";
				SDKROOT = watchos;
				SKIP_INSTALL = YES;
				SWIFT_VERSION = 5.0;
				TARGETED_DEVICE_FAMILY = 4;
				WATCHOS_DEPLOYMENT_TARGET = 6.0;
			};
			name = Debug;
		};
		09D0112023BF3CAB00AA9BB9 /* Release */ = {
			isa = XCBuildConfiguration;
			buildSettings = {
				ASSETCATALOG_COMPILER_COMPLICATION_NAME = Complication;
				CODE_SIGN_STYLE = Automatic;
				DEVELOPMENT_ASSET_PATHS = "\"MinutesLeft WatchKit Extension/Preview Content\"";
				DEVELOPMENT_TEAM = 9KD2BDVC27;
				ENABLE_PREVIEWS = YES;
				INFOPLIST_FILE = "MinutesLeft WatchKit Extension/Info.plist";
				LD_RUNPATH_SEARCH_PATHS = (
					"$(inherited)",
					"@executable_path/Frameworks",
					"@executable_path/../../Frameworks",
				);
				PRODUCT_BUNDLE_IDENTIFIER = com.daniel.MinutesLeft.watchkitapp.watchkitextension;
				PRODUCT_NAME = "${TARGET_NAME}";
				SDKROOT = watchos;
				SKIP_INSTALL = YES;
				SWIFT_VERSION = 5.0;
				TARGETED_DEVICE_FAMILY = 4;
				WATCHOS_DEPLOYMENT_TARGET = 6.0;
			};
			name = Release;
		};
		09D0112323BF3CAB00AA9BB9 /* Debug */ = {
			isa = XCBuildConfiguration;
			buildSettings = {
				ALWAYS_EMBED_SWIFT_STANDARD_LIBRARIES = YES;
				ASSETCATALOG_COMPILER_APPICON_NAME = AppIcon;
				CODE_SIGN_STYLE = Automatic;
				DEVELOPMENT_TEAM = 9KD2BDVC27;
				IBSC_MODULE = MinutesLeft_WatchKit_Extension;
				INFOPLIST_FILE = "MinutesLeft WatchKit App/Info.plist";
				PRODUCT_BUNDLE_IDENTIFIER = com.daniel.MinutesLeft.watchkitapp;
				PRODUCT_NAME = "$(TARGET_NAME)";
				SDKROOT = watchos;
				SKIP_INSTALL = YES;
				SWIFT_VERSION = 5.0;
				TARGETED_DEVICE_FAMILY = 4;
				WATCHOS_DEPLOYMENT_TARGET = 6.0;
			};
			name = Debug;
		};
		09D0112423BF3CAB00AA9BB9 /* Release */ = {
			isa = XCBuildConfiguration;
			buildSettings = {
				ALWAYS_EMBED_SWIFT_STANDARD_LIBRARIES = YES;
				ASSETCATALOG_COMPILER_APPICON_NAME = AppIcon;
				CODE_SIGN_STYLE = Automatic;
				DEVELOPMENT_TEAM = 9KD2BDVC27;
				IBSC_MODULE = MinutesLeft_WatchKit_Extension;
				INFOPLIST_FILE = "MinutesLeft WatchKit App/Info.plist";
				PRODUCT_BUNDLE_IDENTIFIER = com.daniel.MinutesLeft.watchkitapp;
				PRODUCT_NAME = "$(TARGET_NAME)";
				SDKROOT = watchos;
				SKIP_INSTALL = YES;
				SWIFT_VERSION = 5.0;
				TARGETED_DEVICE_FAMILY = 4;
				WATCHOS_DEPLOYMENT_TARGET = 6.0;
			};
			name = Release;
		};
		09D0112723BF3CAB00AA9BB9 /* Debug */ = {
			isa = XCBuildConfiguration;
			buildSettings = {
				CODE_SIGN_STYLE = Automatic;
				CURRENT_PROJECT_VERSION = 1;
				DEVELOPMENT_TEAM = 9KD2BDVC27;
				MARKETING_VERSION = 1.0;
				PRODUCT_BUNDLE_IDENTIFIER = com.daniel.MinutesLeft;
				PRODUCT_NAME = "$(TARGET_NAME)";
				SWIFT_VERSION = 5.0;
				WATCHOS_DEPLOYMENT_TARGET = 6.0;
			};
			name = Debug;
		};
		09D0112823BF3CAB00AA9BB9 /* Release */ = {
			isa = XCBuildConfiguration;
			buildSettings = {
				CODE_SIGN_STYLE = Automatic;
				CURRENT_PROJECT_VERSION = 1;
				DEVELOPMENT_TEAM = 9KD2BDVC27;
				MARKETING_VERSION = 1.0;
				PRODUCT_BUNDLE_IDENTIFIER = com.daniel.MinutesLeft;
				PRODUCT_NAME = "$(TARGET_NAME)";
				SWIFT_VERSION = 5.0;
				WATCHOS_DEPLOYMENT_TARGET = 6.0;
			};
			name = Release;
		};
/* End XCBuildConfiguration section */

/* Begin XCConfigurationList section */
		09D010F523BF3CA600AA9BB9 /* Build configuration list for PBXProject "MinutesLeft" */ = {
			isa = XCConfigurationList;
			buildConfigurations = (
				09D0111C23BF3CAB00AA9BB9 /* Debug */,
				09D0111D23BF3CAB00AA9BB9 /* Release */,
			);
			defaultConfigurationIsVisible = 0;
			defaultConfigurationName = Release;
		};
		09D0111E23BF3CAB00AA9BB9 /* Build configuration list for PBXNativeTarget "MinutesLeft WatchKit Extension" */ = {
			isa = XCConfigurationList;
			buildConfigurations = (
				09D0111F23BF3CAB00AA9BB9 /* Debug */,
				09D0112023BF3CAB00AA9BB9 /* Release */,
			);
			defaultConfigurationIsVisible = 0;
			defaultConfigurationName = Release;
		};
		09D0112223BF3CAB00AA9BB9 /* Build configuration list for PBXNativeTarget "MinutesLeft WatchKit App" */ = {
			isa = XCConfigurationList;
			buildConfigurations = (
				09D0112323BF3CAB00AA9BB9 /* Debug */,
				09D0112423BF3CAB00AA9BB9 /* Release */,
			);
			defaultConfigurationIsVisible = 0;
			defaultConfigurationName = Release;
		};
		09D0112623BF3CAB00AA9BB9 /* Build configuration list for PBXNativeTarget "MinutesLeft" */ = {
			isa = XCConfigurationList;
			buildConfigurations = (
				09D0112723BF3CAB00AA9BB9 /* Debug */,
				09D0112823BF3CAB00AA9BB9 /* Release */,
			);
			defaultConfigurationIsVisible = 0;
			defaultConfigurationName = Release;
		};
/* End XCConfigurationList section */

/* Begin XCVersionGroup section */
		09D0112C23BF3F3800AA9BB9 /* ImportantTimesData.xcdatamodeld */ = {
			isa = XCVersionGroup;
			children = (
				09D0112D23BF3F3800AA9BB9 /* ImportantTimesData.xcdatamodel */,
			);
			currentVersion = 09D0112D23BF3F3800AA9BB9 /* ImportantTimesData.xcdatamodel */;
			path = ImportantTimesData.xcdatamodeld;
			sourceTree = "<group>";
			versionGroupType = wrapper.xcdatamodel;
		};
/* End XCVersionGroup section */
	};
	rootObject = 09D010F223BF3CA600AA9BB9 /* Project object */;
}
